
Microsoft Visual Studio Solution File, Format Version 12.00
# Visual Studio 15
VisualStudioVersion = 15.0.26124.0
MinimumVisualStudioVersion = 15.0.26124.0
Project("{FAE04EC0-301F-11D3-BF4B-00C04F79EFBC}") = "Pacco.APIGateway", "..\Pacco.APIGateway\src\Pacco.APIGateway\Pacco.APIGateway.csproj", "{D60E3F0B-0091-442B-8B4D-CBD65E25F1C4}"
EndProject
Project("{FAE04EC0-301F-11D3-BF4B-00C04F79EFBC}") = "Pacco.Services.Availability", "..\Pacco.Services.Availability\src\Pacco.Services.Availability\Pacco.Services.Availability.csproj", "{ED9DCE31-4B0C-4CFA-893A-C6C5F6E974D3}"
EndProject
Project("{FAE04EC0-301F-11D3-BF4B-00C04F79EFBC}") = "Pacco.Services.Customers.Api", "..\Pacco.Services.Customers\src\Pacco.Services.Customers.Api\Pacco.Services.Customers.Api.csproj", "{B1407433-CFE6-45B2-8D12-2270653514C6}"
EndProject
Project("{FAE04EC0-301F-11D3-BF4B-00C04F79EFBC}") = "Pacco.Services.Customers.Application", "..\Pacco.Services.Customers\src\Pacco.Services.Customers.Application\Pacco.Services.Customers.Application.csproj", "{F418C916-92CB-4760-AEB7-C513A081FFA8}"
EndProject
Project("{FAE04EC0-301F-11D3-BF4B-00C04F79EFBC}") = "Pacco.Services.Customers.Core", "..\Pacco.Services.Customers\src\Pacco.Services.Customers.Core\Pacco.Services.Customers.Core.csproj", "{AE6E3714-3E0F-4995-99D6-B52B7873430F}"
EndProject
Project("{FAE04EC0-301F-11D3-BF4B-00C04F79EFBC}") = "Pacco.Services.Customers.Infrastructure", "..\Pacco.Services.Customers\src\Pacco.Services.Customers.Infrastructure\Pacco.Services.Customers.Infrastructure.csproj", "{9439DFCF-27C1-4CA3-9A72-40C110047B9D}"
EndProject
Project("{FAE04EC0-301F-11D3-BF4B-00C04F79EFBC}") = "Pacco.Services.Deliveries.Application", "..\Pacco.Services.Deliveries\src\Pacco.Services.Deliveries.Application\Pacco.Services.Deliveries.Application.csproj", "{B4DE899F-879C-4871-849C-8AE87E8760B0}"
EndProject
Project("{FAE04EC0-301F-11D3-BF4B-00C04F79EFBC}") = "Pacco.Services.Deliveries.Core", "..\Pacco.Services.Deliveries\src\Pacco.Services.Deliveries.Core\Pacco.Services.Deliveries.Core.csproj", "{C139C132-0036-4D91-92E9-3665282A7F0C}"
EndProject
Project("{FAE04EC0-301F-11D3-BF4B-00C04F79EFBC}") = "Pacco.Services.Deliveries.Infrastructure", "..\Pacco.Services.Deliveries\src\Pacco.Services.Deliveries.Infrastructure\Pacco.Services.Deliveries.Infrastructure.csproj", "{15724989-96EF-4974-B80D-62AC27C70579}"
EndProject
Project("{FAE04EC0-301F-11D3-BF4B-00C04F79EFBC}") = "Pacco.Services.Deliveries", "..\Pacco.Services.Deliveries\src\Pacco.Services.Deliveries\Pacco.Services.Deliveries.csproj", "{E74C4038-B1D0-4A80-89D0-9A7ED82C6396}"
EndProject
Project("{FAE04EC0-301F-11D3-BF4B-00C04F79EFBC}") = "Pacco.Services.Identity.Api", "..\Pacco.Services.Identity\src\Pacco.Services.Identity.Api\Pacco.Services.Identity.Api.csproj", "{EC224C7F-7849-4F91-B121-B5FB6E6E0E65}"
EndProject
Project("{FAE04EC0-301F-11D3-BF4B-00C04F79EFBC}") = "Pacco.Services.Identity.Application", "..\Pacco.Services.Identity\src\Pacco.Services.Identity.Application\Pacco.Services.Identity.Application.csproj", "{133FD659-6B11-4D47-AD5E-99780EC0B9CB}"
EndProject
Project("{FAE04EC0-301F-11D3-BF4B-00C04F79EFBC}") = "Pacco.Services.Identity.Core", "..\Pacco.Services.Identity\src\Pacco.Services.Identity.Core\Pacco.Services.Identity.Core.csproj", "{FB3AD879-3087-4418-955B-AE3C1E3CE07A}"
EndProject
Project("{FAE04EC0-301F-11D3-BF4B-00C04F79EFBC}") = "Pacco.Services.Identity.Infrastructure", "..\Pacco.Services.Identity\src\Pacco.Services.Identity.Infrastructure\Pacco.Services.Identity.Infrastructure.csproj", "{1F4D2D05-A491-49FF-95BB-5BC6AB42E60F}"
EndProject
Project("{FAE04EC0-301F-11D3-BF4B-00C04F79EFBC}") = "Pacco.Services.Operations", "..\Pacco.Services.Operations\src\Pacco.Services.Operations\Pacco.Services.Operations.csproj", "{1BCB68C2-7052-4C38-9F79-D4DD8D59A02D}"
EndProject
Project("{FAE04EC0-301F-11D3-BF4B-00C04F79EFBC}") = "Pacco.Services.Orders.Api", "..\Pacco.Services.Orders\src\Pacco.Services.Orders.Api\Pacco.Services.Orders.Api.csproj", "{179691D1-05B6-49F1-BBC4-AD4133B7A7B9}"
EndProject
Project("{FAE04EC0-301F-11D3-BF4B-00C04F79EFBC}") = "Pacco.Services.Orders.Application", "..\Pacco.Services.Orders\src\Pacco.Services.Orders.Application\Pacco.Services.Orders.Application.csproj", "{014D3DF4-36A9-4C5B-9FC2-BB52B60CF06D}"
EndProject
Project("{FAE04EC0-301F-11D3-BF4B-00C04F79EFBC}") = "Pacco.Services.Orders.Core", "..\Pacco.Services.Orders\src\Pacco.Services.Orders.Core\Pacco.Services.Orders.Core.csproj", "{E1647639-F020-456F-AE67-3346C1774ED6}"
EndProject
Project("{FAE04EC0-301F-11D3-BF4B-00C04F79EFBC}") = "Pacco.Services.Orders.Infrastructure", "..\Pacco.Services.Orders\src\Pacco.Services.Orders.Infrastructure\Pacco.Services.Orders.Infrastructure.csproj", "{2BB95459-3484-4607-87A2-5812E87D21CB}"
EndProject
Project("{FAE04EC0-301F-11D3-BF4B-00C04F79EFBC}") = "Pacco.Services.Parcels.Api", "..\Pacco.Services.Parcels\src\Pacco.Services.Parcels.Api\Pacco.Services.Parcels.Api.csproj", "{BDCC24F0-1FC8-4295-8DB9-F7364FC44BFF}"
EndProject
Project("{FAE04EC0-301F-11D3-BF4B-00C04F79EFBC}") = "Pacco.Services.Parcels.Application", "..\Pacco.Services.Parcels\src\Pacco.Services.Parcels.Application\Pacco.Services.Parcels.Application.csproj", "{B00E40C7-D6AC-4063-BB4F-8EAECD00012E}"
EndProject
Project("{FAE04EC0-301F-11D3-BF4B-00C04F79EFBC}") = "Pacco.Services.Parcels.Core", "..\Pacco.Services.Parcels\src\Pacco.Services.Parcels.Core\Pacco.Services.Parcels.Core.csproj", "{C907610F-EB5F-4939-8A3E-4A25326E59DC}"
EndProject
Project("{FAE04EC0-301F-11D3-BF4B-00C04F79EFBC}") = "Pacco.Services.Parcels.Infrastructure", "..\Pacco.Services.Parcels\src\Pacco.Services.Parcels.Infrastructure\Pacco.Services.Parcels.Infrastructure.csproj", "{C67699A6-5094-45C1-82BA-B6EC891F5A6C}"
EndProject
Project("{FAE04EC0-301F-11D3-BF4B-00C04F79EFBC}") = "Pacco.Services.Pricing", "..\Pacco.Services.Pricing\src\Pacco.Services.Pricing\Pacco.Services.Pricing.csproj", "{72EBB611-F6B4-436E-8D2F-72B259F418D5}"
EndProject
Project("{FAE04EC0-301F-11D3-BF4B-00C04F79EFBC}") = "Pacco.Services.Vehicles.Application", "..\Pacco.Services.Vehicles\src\Pacco.Services.Vehicles.Application\Pacco.Services.Vehicles.Application.csproj", "{9D680611-CF14-472F-B525-E9310173B333}"
EndProject
Project("{FAE04EC0-301F-11D3-BF4B-00C04F79EFBC}") = "Pacco.Services.Vehicles.Core", "..\Pacco.Services.Vehicles\src\Pacco.Services.Vehicles.Core\Pacco.Services.Vehicles.Core.csproj", "{423A6CA2-10E6-438A-9598-6D814D95CFC6}"
EndProject
Project("{FAE04EC0-301F-11D3-BF4B-00C04F79EFBC}") = "Pacco.Services.Vehicles.Infrastructure", "..\Pacco.Services.Vehicles\src\Pacco.Services.Vehicles.Infrastructure\Pacco.Services.Vehicles.Infrastructure.csproj", "{7DE3A9F9-D7FF-4ABC-A02C-B66422E3A999}"
EndProject
Project("{FAE04EC0-301F-11D3-BF4B-00C04F79EFBC}") = "Pacco.Services.Vehicles", "..\Pacco.Services.Vehicles\src\Pacco.Services.Vehicles\Pacco.Services.Vehicles.csproj", "{25A54B50-9BC7-4DA7-BB41-43AF52B910E0}"
EndProject
Project("{2150E333-8FDC-42A3-9474-1A3956D46DE8}") = "Pacco.APIGateway", "Pacco.APIGateway", "{448D723B-5318-4EBF-8050-96FAEF05FB65}"
EndProject
Project("{2150E333-8FDC-42A3-9474-1A3956D46DE8}") = "Pacco.Services.Availability", "Pacco.Services.Availability", "{155C0EC7-5E7F-4E4A-896D-3C6939A7CFB2}"
EndProject
Project("{2150E333-8FDC-42A3-9474-1A3956D46DE8}") = "Pacco.Services.Customers", "Pacco.Services.Customers", "{E15D31BF-0EDA-4CC4-9A60-593120E68308}"
EndProject
Project("{2150E333-8FDC-42A3-9474-1A3956D46DE8}") = "Pacco.Services.Deliveries", "Pacco.Services.Deliveries", "{114D012F-D88C-4AF8-A6EB-E888F746A994}"
EndProject
Project("{2150E333-8FDC-42A3-9474-1A3956D46DE8}") = "Pacco.Services.Identity", "Pacco.Services.Identity", "{BD70E4D1-1DDE-4AD4-9A8E-9B80157AF7A4}"
EndProject
Project("{2150E333-8FDC-42A3-9474-1A3956D46DE8}") = "Pacco.Services.Operations", "Pacco.Services.Operations", "{5B0AC0C4-336E-4052-9A64-5C62802BD02C}"
EndProject
Project("{2150E333-8FDC-42A3-9474-1A3956D46DE8}") = "Pacco.Services.Orders", "Pacco.Services.Orders", "{D42B6768-4B44-466D-8BE5-AC7C6B3D1AA6}"
EndProject
Project("{2150E333-8FDC-42A3-9474-1A3956D46DE8}") = "Pacco.Services.Parcels", "Pacco.Services.Parcels", "{4A395D87-B108-42C9-9B30-4212AB85C567}"
EndProject
Project("{2150E333-8FDC-42A3-9474-1A3956D46DE8}") = "Pacco.Services.Pricing", "Pacco.Services.Pricing", "{6BB2245D-82C5-47FF-ABD1-C99C32976B3D}"
EndProject
Project("{2150E333-8FDC-42A3-9474-1A3956D46DE8}") = "Pacco.Services.Vehicles", "Pacco.Services.Vehicles", "{EAB2B57F-7E18-4E4D-AD10-19BDBC3232F1}"
EndProject
Global
	GlobalSection(SolutionConfigurationPlatforms) = preSolution
		Debug|Any CPU = Debug|Any CPU
		Debug|x64 = Debug|x64
		Debug|x86 = Debug|x86
		Release|Any CPU = Release|Any CPU
		Release|x64 = Release|x64
		Release|x86 = Release|x86
	EndGlobalSection
	GlobalSection(SolutionProperties) = preSolution
		HideSolutionNode = FALSE
	EndGlobalSection
	GlobalSection(ProjectConfigurationPlatforms) = postSolution
		{D60E3F0B-0091-442B-8B4D-CBD65E25F1C4}.Debug|Any CPU.ActiveCfg = Debug|Any CPU
		{D60E3F0B-0091-442B-8B4D-CBD65E25F1C4}.Debug|Any CPU.Build.0 = Debug|Any CPU
		{D60E3F0B-0091-442B-8B4D-CBD65E25F1C4}.Debug|x64.ActiveCfg = Debug|Any CPU
		{D60E3F0B-0091-442B-8B4D-CBD65E25F1C4}.Debug|x64.Build.0 = Debug|Any CPU
		{D60E3F0B-0091-442B-8B4D-CBD65E25F1C4}.Debug|x86.ActiveCfg = Debug|Any CPU
		{D60E3F0B-0091-442B-8B4D-CBD65E25F1C4}.Debug|x86.Build.0 = Debug|Any CPU
		{D60E3F0B-0091-442B-8B4D-CBD65E25F1C4}.Release|Any CPU.ActiveCfg = Release|Any CPU
		{D60E3F0B-0091-442B-8B4D-CBD65E25F1C4}.Release|Any CPU.Build.0 = Release|Any CPU
		{D60E3F0B-0091-442B-8B4D-CBD65E25F1C4}.Release|x64.ActiveCfg = Release|Any CPU
		{D60E3F0B-0091-442B-8B4D-CBD65E25F1C4}.Release|x64.Build.0 = Release|Any CPU
		{D60E3F0B-0091-442B-8B4D-CBD65E25F1C4}.Release|x86.ActiveCfg = Release|Any CPU
		{D60E3F0B-0091-442B-8B4D-CBD65E25F1C4}.Release|x86.Build.0 = Release|Any CPU
		{ED9DCE31-4B0C-4CFA-893A-C6C5F6E974D3}.Debug|Any CPU.ActiveCfg = Debug|Any CPU
		{ED9DCE31-4B0C-4CFA-893A-C6C5F6E974D3}.Debug|Any CPU.Build.0 = Debug|Any CPU
		{ED9DCE31-4B0C-4CFA-893A-C6C5F6E974D3}.Debug|x64.ActiveCfg = Debug|Any CPU
		{ED9DCE31-4B0C-4CFA-893A-C6C5F6E974D3}.Debug|x64.Build.0 = Debug|Any CPU
		{ED9DCE31-4B0C-4CFA-893A-C6C5F6E974D3}.Debug|x86.ActiveCfg = Debug|Any CPU
		{ED9DCE31-4B0C-4CFA-893A-C6C5F6E974D3}.Debug|x86.Build.0 = Debug|Any CPU
		{ED9DCE31-4B0C-4CFA-893A-C6C5F6E974D3}.Release|Any CPU.ActiveCfg = Release|Any CPU
		{ED9DCE31-4B0C-4CFA-893A-C6C5F6E974D3}.Release|Any CPU.Build.0 = Release|Any CPU
		{ED9DCE31-4B0C-4CFA-893A-C6C5F6E974D3}.Release|x64.ActiveCfg = Release|Any CPU
		{ED9DCE31-4B0C-4CFA-893A-C6C5F6E974D3}.Release|x64.Build.0 = Release|Any CPU
		{ED9DCE31-4B0C-4CFA-893A-C6C5F6E974D3}.Release|x86.ActiveCfg = Release|Any CPU
		{ED9DCE31-4B0C-4CFA-893A-C6C5F6E974D3}.Release|x86.Build.0 = Release|Any CPU
		{B1407433-CFE6-45B2-8D12-2270653514C6}.Debug|Any CPU.ActiveCfg = Debug|Any CPU
		{B1407433-CFE6-45B2-8D12-2270653514C6}.Debug|Any CPU.Build.0 = Debug|Any CPU
		{B1407433-CFE6-45B2-8D12-2270653514C6}.Debug|x64.ActiveCfg = Debug|Any CPU
		{B1407433-CFE6-45B2-8D12-2270653514C6}.Debug|x64.Build.0 = Debug|Any CPU
		{B1407433-CFE6-45B2-8D12-2270653514C6}.Debug|x86.ActiveCfg = Debug|Any CPU
		{B1407433-CFE6-45B2-8D12-2270653514C6}.Debug|x86.Build.0 = Debug|Any CPU
		{B1407433-CFE6-45B2-8D12-2270653514C6}.Release|Any CPU.ActiveCfg = Release|Any CPU
		{B1407433-CFE6-45B2-8D12-2270653514C6}.Release|Any CPU.Build.0 = Release|Any CPU
		{B1407433-CFE6-45B2-8D12-2270653514C6}.Release|x64.ActiveCfg = Release|Any CPU
		{B1407433-CFE6-45B2-8D12-2270653514C6}.Release|x64.Build.0 = Release|Any CPU
		{B1407433-CFE6-45B2-8D12-2270653514C6}.Release|x86.ActiveCfg = Release|Any CPU
		{B1407433-CFE6-45B2-8D12-2270653514C6}.Release|x86.Build.0 = Release|Any CPU
		{F418C916-92CB-4760-AEB7-C513A081FFA8}.Debug|Any CPU.ActiveCfg = Debug|Any CPU
		{F418C916-92CB-4760-AEB7-C513A081FFA8}.Debug|Any CPU.Build.0 = Debug|Any CPU
		{F418C916-92CB-4760-AEB7-C513A081FFA8}.Debug|x64.ActiveCfg = Debug|Any CPU
		{F418C916-92CB-4760-AEB7-C513A081FFA8}.Debug|x64.Build.0 = Debug|Any CPU
		{F418C916-92CB-4760-AEB7-C513A081FFA8}.Debug|x86.ActiveCfg = Debug|Any CPU
		{F418C916-92CB-4760-AEB7-C513A081FFA8}.Debug|x86.Build.0 = Debug|Any CPU
		{F418C916-92CB-4760-AEB7-C513A081FFA8}.Release|Any CPU.ActiveCfg = Release|Any CPU
		{F418C916-92CB-4760-AEB7-C513A081FFA8}.Release|Any CPU.Build.0 = Release|Any CPU
		{F418C916-92CB-4760-AEB7-C513A081FFA8}.Release|x64.ActiveCfg = Release|Any CPU
		{F418C916-92CB-4760-AEB7-C513A081FFA8}.Release|x64.Build.0 = Release|Any CPU
		{F418C916-92CB-4760-AEB7-C513A081FFA8}.Release|x86.ActiveCfg = Release|Any CPU
		{F418C916-92CB-4760-AEB7-C513A081FFA8}.Release|x86.Build.0 = Release|Any CPU
		{AE6E3714-3E0F-4995-99D6-B52B7873430F}.Debug|Any CPU.ActiveCfg = Debug|Any CPU
		{AE6E3714-3E0F-4995-99D6-B52B7873430F}.Debug|Any CPU.Build.0 = Debug|Any CPU
		{AE6E3714-3E0F-4995-99D6-B52B7873430F}.Debug|x64.ActiveCfg = Debug|Any CPU
		{AE6E3714-3E0F-4995-99D6-B52B7873430F}.Debug|x64.Build.0 = Debug|Any CPU
		{AE6E3714-3E0F-4995-99D6-B52B7873430F}.Debug|x86.ActiveCfg = Debug|Any CPU
		{AE6E3714-3E0F-4995-99D6-B52B7873430F}.Debug|x86.Build.0 = Debug|Any CPU
		{AE6E3714-3E0F-4995-99D6-B52B7873430F}.Release|Any CPU.ActiveCfg = Release|Any CPU
		{AE6E3714-3E0F-4995-99D6-B52B7873430F}.Release|Any CPU.Build.0 = Release|Any CPU
		{AE6E3714-3E0F-4995-99D6-B52B7873430F}.Release|x64.ActiveCfg = Release|Any CPU
		{AE6E3714-3E0F-4995-99D6-B52B7873430F}.Release|x64.Build.0 = Release|Any CPU
		{AE6E3714-3E0F-4995-99D6-B52B7873430F}.Release|x86.ActiveCfg = Release|Any CPU
		{AE6E3714-3E0F-4995-99D6-B52B7873430F}.Release|x86.Build.0 = Release|Any CPU
		{9439DFCF-27C1-4CA3-9A72-40C110047B9D}.Debug|Any CPU.ActiveCfg = Debug|Any CPU
		{9439DFCF-27C1-4CA3-9A72-40C110047B9D}.Debug|Any CPU.Build.0 = Debug|Any CPU
		{9439DFCF-27C1-4CA3-9A72-40C110047B9D}.Debug|x64.ActiveCfg = Debug|Any CPU
		{9439DFCF-27C1-4CA3-9A72-40C110047B9D}.Debug|x64.Build.0 = Debug|Any CPU
		{9439DFCF-27C1-4CA3-9A72-40C110047B9D}.Debug|x86.ActiveCfg = Debug|Any CPU
		{9439DFCF-27C1-4CA3-9A72-40C110047B9D}.Debug|x86.Build.0 = Debug|Any CPU
		{9439DFCF-27C1-4CA3-9A72-40C110047B9D}.Release|Any CPU.ActiveCfg = Release|Any CPU
		{9439DFCF-27C1-4CA3-9A72-40C110047B9D}.Release|Any CPU.Build.0 = Release|Any CPU
		{9439DFCF-27C1-4CA3-9A72-40C110047B9D}.Release|x64.ActiveCfg = Release|Any CPU
		{9439DFCF-27C1-4CA3-9A72-40C110047B9D}.Release|x64.Build.0 = Release|Any CPU
		{9439DFCF-27C1-4CA3-9A72-40C110047B9D}.Release|x86.ActiveCfg = Release|Any CPU
		{9439DFCF-27C1-4CA3-9A72-40C110047B9D}.Release|x86.Build.0 = Release|Any CPU
		{B4DE899F-879C-4871-849C-8AE87E8760B0}.Debug|Any CPU.ActiveCfg = Debug|Any CPU
		{B4DE899F-879C-4871-849C-8AE87E8760B0}.Debug|Any CPU.Build.0 = Debug|Any CPU
		{B4DE899F-879C-4871-849C-8AE87E8760B0}.Debug|x64.ActiveCfg = Debug|Any CPU
		{B4DE899F-879C-4871-849C-8AE87E8760B0}.Debug|x64.Build.0 = Debug|Any CPU
		{B4DE899F-879C-4871-849C-8AE87E8760B0}.Debug|x86.ActiveCfg = Debug|Any CPU
		{B4DE899F-879C-4871-849C-8AE87E8760B0}.Debug|x86.Build.0 = Debug|Any CPU
		{B4DE899F-879C-4871-849C-8AE87E8760B0}.Release|Any CPU.ActiveCfg = Release|Any CPU
		{B4DE899F-879C-4871-849C-8AE87E8760B0}.Release|Any CPU.Build.0 = Release|Any CPU
		{B4DE899F-879C-4871-849C-8AE87E8760B0}.Release|x64.ActiveCfg = Release|Any CPU
		{B4DE899F-879C-4871-849C-8AE87E8760B0}.Release|x64.Build.0 = Release|Any CPU
		{B4DE899F-879C-4871-849C-8AE87E8760B0}.Release|x86.ActiveCfg = Release|Any CPU
		{B4DE899F-879C-4871-849C-8AE87E8760B0}.Release|x86.Build.0 = Release|Any CPU
		{C139C132-0036-4D91-92E9-3665282A7F0C}.Debug|Any CPU.ActiveCfg = Debug|Any CPU
		{C139C132-0036-4D91-92E9-3665282A7F0C}.Debug|Any CPU.Build.0 = Debug|Any CPU
		{C139C132-0036-4D91-92E9-3665282A7F0C}.Debug|x64.ActiveCfg = Debug|Any CPU
		{C139C132-0036-4D91-92E9-3665282A7F0C}.Debug|x64.Build.0 = Debug|Any CPU
		{C139C132-0036-4D91-92E9-3665282A7F0C}.Debug|x86.ActiveCfg = Debug|Any CPU
		{C139C132-0036-4D91-92E9-3665282A7F0C}.Debug|x86.Build.0 = Debug|Any CPU
		{C139C132-0036-4D91-92E9-3665282A7F0C}.Release|Any CPU.ActiveCfg = Release|Any CPU
		{C139C132-0036-4D91-92E9-3665282A7F0C}.Release|Any CPU.Build.0 = Release|Any CPU
		{C139C132-0036-4D91-92E9-3665282A7F0C}.Release|x64.ActiveCfg = Release|Any CPU
		{C139C132-0036-4D91-92E9-3665282A7F0C}.Release|x64.Build.0 = Release|Any CPU
		{C139C132-0036-4D91-92E9-3665282A7F0C}.Release|x86.ActiveCfg = Release|Any CPU
		{C139C132-0036-4D91-92E9-3665282A7F0C}.Release|x86.Build.0 = Release|Any CPU
		{15724989-96EF-4974-B80D-62AC27C70579}.Debug|Any CPU.ActiveCfg = Debug|Any CPU
		{15724989-96EF-4974-B80D-62AC27C70579}.Debug|Any CPU.Build.0 = Debug|Any CPU
		{15724989-96EF-4974-B80D-62AC27C70579}.Debug|x64.ActiveCfg = Debug|Any CPU
		{15724989-96EF-4974-B80D-62AC27C70579}.Debug|x64.Build.0 = Debug|Any CPU
		{15724989-96EF-4974-B80D-62AC27C70579}.Debug|x86.ActiveCfg = Debug|Any CPU
		{15724989-96EF-4974-B80D-62AC27C70579}.Debug|x86.Build.0 = Debug|Any CPU
		{15724989-96EF-4974-B80D-62AC27C70579}.Release|Any CPU.ActiveCfg = Release|Any CPU
		{15724989-96EF-4974-B80D-62AC27C70579}.Release|Any CPU.Build.0 = Release|Any CPU
		{15724989-96EF-4974-B80D-62AC27C70579}.Release|x64.ActiveCfg = Release|Any CPU
		{15724989-96EF-4974-B80D-62AC27C70579}.Release|x64.Build.0 = Release|Any CPU
		{15724989-96EF-4974-B80D-62AC27C70579}.Release|x86.ActiveCfg = Release|Any CPU
		{15724989-96EF-4974-B80D-62AC27C70579}.Release|x86.Build.0 = Release|Any CPU
		{E74C4038-B1D0-4A80-89D0-9A7ED82C6396}.Debug|Any CPU.ActiveCfg = Debug|Any CPU
		{E74C4038-B1D0-4A80-89D0-9A7ED82C6396}.Debug|Any CPU.Build.0 = Debug|Any CPU
		{E74C4038-B1D0-4A80-89D0-9A7ED82C6396}.Debug|x64.ActiveCfg = Debug|Any CPU
		{E74C4038-B1D0-4A80-89D0-9A7ED82C6396}.Debug|x64.Build.0 = Debug|Any CPU
		{E74C4038-B1D0-4A80-89D0-9A7ED82C6396}.Debug|x86.ActiveCfg = Debug|Any CPU
		{E74C4038-B1D0-4A80-89D0-9A7ED82C6396}.Debug|x86.Build.0 = Debug|Any CPU
		{E74C4038-B1D0-4A80-89D0-9A7ED82C6396}.Release|Any CPU.ActiveCfg = Release|Any CPU
		{E74C4038-B1D0-4A80-89D0-9A7ED82C6396}.Release|Any CPU.Build.0 = Release|Any CPU
		{E74C4038-B1D0-4A80-89D0-9A7ED82C6396}.Release|x64.ActiveCfg = Release|Any CPU
		{E74C4038-B1D0-4A80-89D0-9A7ED82C6396}.Release|x64.Build.0 = Release|Any CPU
		{E74C4038-B1D0-4A80-89D0-9A7ED82C6396}.Release|x86.ActiveCfg = Release|Any CPU
		{E74C4038-B1D0-4A80-89D0-9A7ED82C6396}.Release|x86.Build.0 = Release|Any CPU
		{EC224C7F-7849-4F91-B121-B5FB6E6E0E65}.Debug|Any CPU.ActiveCfg = Debug|Any CPU
		{EC224C7F-7849-4F91-B121-B5FB6E6E0E65}.Debug|Any CPU.Build.0 = Debug|Any CPU
		{EC224C7F-7849-4F91-B121-B5FB6E6E0E65}.Debug|x64.ActiveCfg = Debug|Any CPU
		{EC224C7F-7849-4F91-B121-B5FB6E6E0E65}.Debug|x64.Build.0 = Debug|Any CPU
		{EC224C7F-7849-4F91-B121-B5FB6E6E0E65}.Debug|x86.ActiveCfg = Debug|Any CPU
		{EC224C7F-7849-4F91-B121-B5FB6E6E0E65}.Debug|x86.Build.0 = Debug|Any CPU
		{EC224C7F-7849-4F91-B121-B5FB6E6E0E65}.Release|Any CPU.ActiveCfg = Release|Any CPU
		{EC224C7F-7849-4F91-B121-B5FB6E6E0E65}.Release|Any CPU.Build.0 = Release|Any CPU
		{EC224C7F-7849-4F91-B121-B5FB6E6E0E65}.Release|x64.ActiveCfg = Release|Any CPU
		{EC224C7F-7849-4F91-B121-B5FB6E6E0E65}.Release|x64.Build.0 = Release|Any CPU
		{EC224C7F-7849-4F91-B121-B5FB6E6E0E65}.Release|x86.ActiveCfg = Release|Any CPU
		{EC224C7F-7849-4F91-B121-B5FB6E6E0E65}.Release|x86.Build.0 = Release|Any CPU
		{133FD659-6B11-4D47-AD5E-99780EC0B9CB}.Debug|Any CPU.ActiveCfg = Debug|Any CPU
		{133FD659-6B11-4D47-AD5E-99780EC0B9CB}.Debug|Any CPU.Build.0 = Debug|Any CPU
		{133FD659-6B11-4D47-AD5E-99780EC0B9CB}.Debug|x64.ActiveCfg = Debug|Any CPU
		{133FD659-6B11-4D47-AD5E-99780EC0B9CB}.Debug|x64.Build.0 = Debug|Any CPU
		{133FD659-6B11-4D47-AD5E-99780EC0B9CB}.Debug|x86.ActiveCfg = Debug|Any CPU
		{133FD659-6B11-4D47-AD5E-99780EC0B9CB}.Debug|x86.Build.0 = Debug|Any CPU
		{133FD659-6B11-4D47-AD5E-99780EC0B9CB}.Release|Any CPU.ActiveCfg = Release|Any CPU
		{133FD659-6B11-4D47-AD5E-99780EC0B9CB}.Release|Any CPU.Build.0 = Release|Any CPU
		{133FD659-6B11-4D47-AD5E-99780EC0B9CB}.Release|x64.ActiveCfg = Release|Any CPU
		{133FD659-6B11-4D47-AD5E-99780EC0B9CB}.Release|x64.Build.0 = Release|Any CPU
		{133FD659-6B11-4D47-AD5E-99780EC0B9CB}.Release|x86.ActiveCfg = Release|Any CPU
		{133FD659-6B11-4D47-AD5E-99780EC0B9CB}.Release|x86.Build.0 = Release|Any CPU
		{FB3AD879-3087-4418-955B-AE3C1E3CE07A}.Debug|Any CPU.ActiveCfg = Debug|Any CPU
		{FB3AD879-3087-4418-955B-AE3C1E3CE07A}.Debug|Any CPU.Build.0 = Debug|Any CPU
		{FB3AD879-3087-4418-955B-AE3C1E3CE07A}.Debug|x64.ActiveCfg = Debug|Any CPU
		{FB3AD879-3087-4418-955B-AE3C1E3CE07A}.Debug|x64.Build.0 = Debug|Any CPU
		{FB3AD879-3087-4418-955B-AE3C1E3CE07A}.Debug|x86.ActiveCfg = Debug|Any CPU
		{FB3AD879-3087-4418-955B-AE3C1E3CE07A}.Debug|x86.Build.0 = Debug|Any CPU
		{FB3AD879-3087-4418-955B-AE3C1E3CE07A}.Release|Any CPU.ActiveCfg = Release|Any CPU
		{FB3AD879-3087-4418-955B-AE3C1E3CE07A}.Release|Any CPU.Build.0 = Release|Any CPU
		{FB3AD879-3087-4418-955B-AE3C1E3CE07A}.Release|x64.ActiveCfg = Release|Any CPU
		{FB3AD879-3087-4418-955B-AE3C1E3CE07A}.Release|x64.Build.0 = Release|Any CPU
		{FB3AD879-3087-4418-955B-AE3C1E3CE07A}.Release|x86.ActiveCfg = Release|Any CPU
		{FB3AD879-3087-4418-955B-AE3C1E3CE07A}.Release|x86.Build.0 = Release|Any CPU
		{1F4D2D05-A491-49FF-95BB-5BC6AB42E60F}.Debug|Any CPU.ActiveCfg = Debug|Any CPU
		{1F4D2D05-A491-49FF-95BB-5BC6AB42E60F}.Debug|Any CPU.Build.0 = Debug|Any CPU
		{1F4D2D05-A491-49FF-95BB-5BC6AB42E60F}.Debug|x64.ActiveCfg = Debug|Any CPU
		{1F4D2D05-A491-49FF-95BB-5BC6AB42E60F}.Debug|x64.Build.0 = Debug|Any CPU
		{1F4D2D05-A491-49FF-95BB-5BC6AB42E60F}.Debug|x86.ActiveCfg = Debug|Any CPU
		{1F4D2D05-A491-49FF-95BB-5BC6AB42E60F}.Debug|x86.Build.0 = Debug|Any CPU
		{1F4D2D05-A491-49FF-95BB-5BC6AB42E60F}.Release|Any CPU.ActiveCfg = Release|Any CPU
		{1F4D2D05-A491-49FF-95BB-5BC6AB42E60F}.Release|Any CPU.Build.0 = Release|Any CPU
		{1F4D2D05-A491-49FF-95BB-5BC6AB42E60F}.Release|x64.ActiveCfg = Release|Any CPU
		{1F4D2D05-A491-49FF-95BB-5BC6AB42E60F}.Release|x64.Build.0 = Release|Any CPU
		{1F4D2D05-A491-49FF-95BB-5BC6AB42E60F}.Release|x86.ActiveCfg = Release|Any CPU
		{1F4D2D05-A491-49FF-95BB-5BC6AB42E60F}.Release|x86.Build.0 = Release|Any CPU
		{1BCB68C2-7052-4C38-9F79-D4DD8D59A02D}.Debug|Any CPU.ActiveCfg = Debug|Any CPU
		{1BCB68C2-7052-4C38-9F79-D4DD8D59A02D}.Debug|Any CPU.Build.0 = Debug|Any CPU
		{1BCB68C2-7052-4C38-9F79-D4DD8D59A02D}.Debug|x64.ActiveCfg = Debug|Any CPU
		{1BCB68C2-7052-4C38-9F79-D4DD8D59A02D}.Debug|x64.Build.0 = Debug|Any CPU
		{1BCB68C2-7052-4C38-9F79-D4DD8D59A02D}.Debug|x86.ActiveCfg = Debug|Any CPU
		{1BCB68C2-7052-4C38-9F79-D4DD8D59A02D}.Debug|x86.Build.0 = Debug|Any CPU
		{1BCB68C2-7052-4C38-9F79-D4DD8D59A02D}.Release|Any CPU.ActiveCfg = Release|Any CPU
		{1BCB68C2-7052-4C38-9F79-D4DD8D59A02D}.Release|Any CPU.Build.0 = Release|Any CPU
		{1BCB68C2-7052-4C38-9F79-D4DD8D59A02D}.Release|x64.ActiveCfg = Release|Any CPU
		{1BCB68C2-7052-4C38-9F79-D4DD8D59A02D}.Release|x64.Build.0 = Release|Any CPU
		{1BCB68C2-7052-4C38-9F79-D4DD8D59A02D}.Release|x86.ActiveCfg = Release|Any CPU
		{1BCB68C2-7052-4C38-9F79-D4DD8D59A02D}.Release|x86.Build.0 = Release|Any CPU
		{179691D1-05B6-49F1-BBC4-AD4133B7A7B9}.Debug|Any CPU.ActiveCfg = Debug|Any CPU
		{179691D1-05B6-49F1-BBC4-AD4133B7A7B9}.Debug|Any CPU.Build.0 = Debug|Any CPU
		{179691D1-05B6-49F1-BBC4-AD4133B7A7B9}.Debug|x64.ActiveCfg = Debug|Any CPU
		{179691D1-05B6-49F1-BBC4-AD4133B7A7B9}.Debug|x64.Build.0 = Debug|Any CPU
		{179691D1-05B6-49F1-BBC4-AD4133B7A7B9}.Debug|x86.ActiveCfg = Debug|Any CPU
		{179691D1-05B6-49F1-BBC4-AD4133B7A7B9}.Debug|x86.Build.0 = Debug|Any CPU
		{179691D1-05B6-49F1-BBC4-AD4133B7A7B9}.Release|Any CPU.ActiveCfg = Release|Any CPU
		{179691D1-05B6-49F1-BBC4-AD4133B7A7B9}.Release|Any CPU.Build.0 = Release|Any CPU
		{179691D1-05B6-49F1-BBC4-AD4133B7A7B9}.Release|x64.ActiveCfg = Release|Any CPU
		{179691D1-05B6-49F1-BBC4-AD4133B7A7B9}.Release|x64.Build.0 = Release|Any CPU
		{179691D1-05B6-49F1-BBC4-AD4133B7A7B9}.Release|x86.ActiveCfg = Release|Any CPU
		{179691D1-05B6-49F1-BBC4-AD4133B7A7B9}.Release|x86.Build.0 = Release|Any CPU
		{014D3DF4-36A9-4C5B-9FC2-BB52B60CF06D}.Debug|Any CPU.ActiveCfg = Debug|Any CPU
		{014D3DF4-36A9-4C5B-9FC2-BB52B60CF06D}.Debug|Any CPU.Build.0 = Debug|Any CPU
		{014D3DF4-36A9-4C5B-9FC2-BB52B60CF06D}.Debug|x64.ActiveCfg = Debug|Any CPU
		{014D3DF4-36A9-4C5B-9FC2-BB52B60CF06D}.Debug|x64.Build.0 = Debug|Any CPU
		{014D3DF4-36A9-4C5B-9FC2-BB52B60CF06D}.Debug|x86.ActiveCfg = Debug|Any CPU
		{014D3DF4-36A9-4C5B-9FC2-BB52B60CF06D}.Debug|x86.Build.0 = Debug|Any CPU
		{014D3DF4-36A9-4C5B-9FC2-BB52B60CF06D}.Release|Any CPU.ActiveCfg = Release|Any CPU
		{014D3DF4-36A9-4C5B-9FC2-BB52B60CF06D}.Release|Any CPU.Build.0 = Release|Any CPU
		{014D3DF4-36A9-4C5B-9FC2-BB52B60CF06D}.Release|x64.ActiveCfg = Release|Any CPU
		{014D3DF4-36A9-4C5B-9FC2-BB52B60CF06D}.Release|x64.Build.0 = Release|Any CPU
		{014D3DF4-36A9-4C5B-9FC2-BB52B60CF06D}.Release|x86.ActiveCfg = Release|Any CPU
		{014D3DF4-36A9-4C5B-9FC2-BB52B60CF06D}.Release|x86.Build.0 = Release|Any CPU
		{E1647639-F020-456F-AE67-3346C1774ED6}.Debug|Any CPU.ActiveCfg = Debug|Any CPU
		{E1647639-F020-456F-AE67-3346C1774ED6}.Debug|Any CPU.Build.0 = Debug|Any CPU
		{E1647639-F020-456F-AE67-3346C1774ED6}.Debug|x64.ActiveCfg = Debug|Any CPU
		{E1647639-F020-456F-AE67-3346C1774ED6}.Debug|x64.Build.0 = Debug|Any CPU
		{E1647639-F020-456F-AE67-3346C1774ED6}.Debug|x86.ActiveCfg = Debug|Any CPU
		{E1647639-F020-456F-AE67-3346C1774ED6}.Debug|x86.Build.0 = Debug|Any CPU
		{E1647639-F020-456F-AE67-3346C1774ED6}.Release|Any CPU.ActiveCfg = Release|Any CPU
		{E1647639-F020-456F-AE67-3346C1774ED6}.Release|Any CPU.Build.0 = Release|Any CPU
		{E1647639-F020-456F-AE67-3346C1774ED6}.Release|x64.ActiveCfg = Release|Any CPU
		{E1647639-F020-456F-AE67-3346C1774ED6}.Release|x64.Build.0 = Release|Any CPU
		{E1647639-F020-456F-AE67-3346C1774ED6}.Release|x86.ActiveCfg = Release|Any CPU
		{E1647639-F020-456F-AE67-3346C1774ED6}.Release|x86.Build.0 = Release|Any CPU
		{2BB95459-3484-4607-87A2-5812E87D21CB}.Debug|Any CPU.ActiveCfg = Debug|Any CPU
		{2BB95459-3484-4607-87A2-5812E87D21CB}.Debug|Any CPU.Build.0 = Debug|Any CPU
		{2BB95459-3484-4607-87A2-5812E87D21CB}.Debug|x64.ActiveCfg = Debug|Any CPU
		{2BB95459-3484-4607-87A2-5812E87D21CB}.Debug|x64.Build.0 = Debug|Any CPU
		{2BB95459-3484-4607-87A2-5812E87D21CB}.Debug|x86.ActiveCfg = Debug|Any CPU
		{2BB95459-3484-4607-87A2-5812E87D21CB}.Debug|x86.Build.0 = Debug|Any CPU
		{2BB95459-3484-4607-87A2-5812E87D21CB}.Release|Any CPU.ActiveCfg = Release|Any CPU
		{2BB95459-3484-4607-87A2-5812E87D21CB}.Release|Any CPU.Build.0 = Release|Any CPU
		{2BB95459-3484-4607-87A2-5812E87D21CB}.Release|x64.ActiveCfg = Release|Any CPU
		{2BB95459-3484-4607-87A2-5812E87D21CB}.Release|x64.Build.0 = Release|Any CPU
		{2BB95459-3484-4607-87A2-5812E87D21CB}.Release|x86.ActiveCfg = Release|Any CPU
		{2BB95459-3484-4607-87A2-5812E87D21CB}.Release|x86.Build.0 = Release|Any CPU
		{BDCC24F0-1FC8-4295-8DB9-F7364FC44BFF}.Debug|Any CPU.ActiveCfg = Debug|Any CPU
		{BDCC24F0-1FC8-4295-8DB9-F7364FC44BFF}.Debug|Any CPU.Build.0 = Debug|Any CPU
		{BDCC24F0-1FC8-4295-8DB9-F7364FC44BFF}.Debug|x64.ActiveCfg = Debug|Any CPU
		{BDCC24F0-1FC8-4295-8DB9-F7364FC44BFF}.Debug|x64.Build.0 = Debug|Any CPU
		{BDCC24F0-1FC8-4295-8DB9-F7364FC44BFF}.Debug|x86.ActiveCfg = Debug|Any CPU
		{BDCC24F0-1FC8-4295-8DB9-F7364FC44BFF}.Debug|x86.Build.0 = Debug|Any CPU
		{BDCC24F0-1FC8-4295-8DB9-F7364FC44BFF}.Release|Any CPU.ActiveCfg = Release|Any CPU
		{BDCC24F0-1FC8-4295-8DB9-F7364FC44BFF}.Release|Any CPU.Build.0 = Release|Any CPU
		{BDCC24F0-1FC8-4295-8DB9-F7364FC44BFF}.Release|x64.ActiveCfg = Release|Any CPU
		{BDCC24F0-1FC8-4295-8DB9-F7364FC44BFF}.Release|x64.Build.0 = Release|Any CPU
		{BDCC24F0-1FC8-4295-8DB9-F7364FC44BFF}.Release|x86.ActiveCfg = Release|Any CPU
		{BDCC24F0-1FC8-4295-8DB9-F7364FC44BFF}.Release|x86.Build.0 = Release|Any CPU
		{B00E40C7-D6AC-4063-BB4F-8EAECD00012E}.Debug|Any CPU.ActiveCfg = Debug|Any CPU
		{B00E40C7-D6AC-4063-BB4F-8EAECD00012E}.Debug|Any CPU.Build.0 = Debug|Any CPU
		{B00E40C7-D6AC-4063-BB4F-8EAECD00012E}.Debug|x64.ActiveCfg = Debug|Any CPU
		{B00E40C7-D6AC-4063-BB4F-8EAECD00012E}.Debug|x64.Build.0 = Debug|Any CPU
		{B00E40C7-D6AC-4063-BB4F-8EAECD00012E}.Debug|x86.ActiveCfg = Debug|Any CPU
		{B00E40C7-D6AC-4063-BB4F-8EAECD00012E}.Debug|x86.Build.0 = Debug|Any CPU
		{B00E40C7-D6AC-4063-BB4F-8EAECD00012E}.Release|Any CPU.ActiveCfg = Release|Any CPU
		{B00E40C7-D6AC-4063-BB4F-8EAECD00012E}.Release|Any CPU.Build.0 = Release|Any CPU
		{B00E40C7-D6AC-4063-BB4F-8EAECD00012E}.Release|x64.ActiveCfg = Release|Any CPU
		{B00E40C7-D6AC-4063-BB4F-8EAECD00012E}.Release|x64.Build.0 = Release|Any CPU
		{B00E40C7-D6AC-4063-BB4F-8EAECD00012E}.Release|x86.ActiveCfg = Release|Any CPU
		{B00E40C7-D6AC-4063-BB4F-8EAECD00012E}.Release|x86.Build.0 = Release|Any CPU
		{C907610F-EB5F-4939-8A3E-4A25326E59DC}.Debug|Any CPU.ActiveCfg = Debug|Any CPU
		{C907610F-EB5F-4939-8A3E-4A25326E59DC}.Debug|Any CPU.Build.0 = Debug|Any CPU
		{C907610F-EB5F-4939-8A3E-4A25326E59DC}.Debug|x64.ActiveCfg = Debug|Any CPU
		{C907610F-EB5F-4939-8A3E-4A25326E59DC}.Debug|x64.Build.0 = Debug|Any CPU
		{C907610F-EB5F-4939-8A3E-4A25326E59DC}.Debug|x86.ActiveCfg = Debug|Any CPU
		{C907610F-EB5F-4939-8A3E-4A25326E59DC}.Debug|x86.Build.0 = Debug|Any CPU
		{C907610F-EB5F-4939-8A3E-4A25326E59DC}.Release|Any CPU.ActiveCfg = Release|Any CPU
		{C907610F-EB5F-4939-8A3E-4A25326E59DC}.Release|Any CPU.Build.0 = Release|Any CPU
		{C907610F-EB5F-4939-8A3E-4A25326E59DC}.Release|x64.ActiveCfg = Release|Any CPU
		{C907610F-EB5F-4939-8A3E-4A25326E59DC}.Release|x64.Build.0 = Release|Any CPU
		{C907610F-EB5F-4939-8A3E-4A25326E59DC}.Release|x86.ActiveCfg = Release|Any CPU
		{C907610F-EB5F-4939-8A3E-4A25326E59DC}.Release|x86.Build.0 = Release|Any CPU
		{C67699A6-5094-45C1-82BA-B6EC891F5A6C}.Debug|Any CPU.ActiveCfg = Debug|Any CPU
		{C67699A6-5094-45C1-82BA-B6EC891F5A6C}.Debug|Any CPU.Build.0 = Debug|Any CPU
		{C67699A6-5094-45C1-82BA-B6EC891F5A6C}.Debug|x64.ActiveCfg = Debug|Any CPU
		{C67699A6-5094-45C1-82BA-B6EC891F5A6C}.Debug|x64.Build.0 = Debug|Any CPU
		{C67699A6-5094-45C1-82BA-B6EC891F5A6C}.Debug|x86.ActiveCfg = Debug|Any CPU
		{C67699A6-5094-45C1-82BA-B6EC891F5A6C}.Debug|x86.Build.0 = Debug|Any CPU
		{C67699A6-5094-45C1-82BA-B6EC891F5A6C}.Release|Any CPU.ActiveCfg = Release|Any CPU
		{C67699A6-5094-45C1-82BA-B6EC891F5A6C}.Release|Any CPU.Build.0 = Release|Any CPU
		{C67699A6-5094-45C1-82BA-B6EC891F5A6C}.Release|x64.ActiveCfg = Release|Any CPU
		{C67699A6-5094-45C1-82BA-B6EC891F5A6C}.Release|x64.Build.0 = Release|Any CPU
		{C67699A6-5094-45C1-82BA-B6EC891F5A6C}.Release|x86.ActiveCfg = Release|Any CPU
		{C67699A6-5094-45C1-82BA-B6EC891F5A6C}.Release|x86.Build.0 = Release|Any CPU
		{72EBB611-F6B4-436E-8D2F-72B259F418D5}.Debug|Any CPU.ActiveCfg = Debug|Any CPU
		{72EBB611-F6B4-436E-8D2F-72B259F418D5}.Debug|Any CPU.Build.0 = Debug|Any CPU
		{72EBB611-F6B4-436E-8D2F-72B259F418D5}.Debug|x64.ActiveCfg = Debug|Any CPU
		{72EBB611-F6B4-436E-8D2F-72B259F418D5}.Debug|x64.Build.0 = Debug|Any CPU
		{72EBB611-F6B4-436E-8D2F-72B259F418D5}.Debug|x86.ActiveCfg = Debug|Any CPU
		{72EBB611-F6B4-436E-8D2F-72B259F418D5}.Debug|x86.Build.0 = Debug|Any CPU
		{72EBB611-F6B4-436E-8D2F-72B259F418D5}.Release|Any CPU.ActiveCfg = Release|Any CPU
		{72EBB611-F6B4-436E-8D2F-72B259F418D5}.Release|Any CPU.Build.0 = Release|Any CPU
		{72EBB611-F6B4-436E-8D2F-72B259F418D5}.Release|x64.ActiveCfg = Release|Any CPU
		{72EBB611-F6B4-436E-8D2F-72B259F418D5}.Release|x64.Build.0 = Release|Any CPU
		{72EBB611-F6B4-436E-8D2F-72B259F418D5}.Release|x86.ActiveCfg = Release|Any CPU
		{72EBB611-F6B4-436E-8D2F-72B259F418D5}.Release|x86.Build.0 = Release|Any CPU
		{9D680611-CF14-472F-B525-E9310173B333}.Debug|Any CPU.ActiveCfg = Debug|Any CPU
		{9D680611-CF14-472F-B525-E9310173B333}.Debug|Any CPU.Build.0 = Debug|Any CPU
		{9D680611-CF14-472F-B525-E9310173B333}.Debug|x64.ActiveCfg = Debug|Any CPU
		{9D680611-CF14-472F-B525-E9310173B333}.Debug|x64.Build.0 = Debug|Any CPU
		{9D680611-CF14-472F-B525-E9310173B333}.Debug|x86.ActiveCfg = Debug|Any CPU
		{9D680611-CF14-472F-B525-E9310173B333}.Debug|x86.Build.0 = Debug|Any CPU
		{9D680611-CF14-472F-B525-E9310173B333}.Release|Any CPU.ActiveCfg = Release|Any CPU
		{9D680611-CF14-472F-B525-E9310173B333}.Release|Any CPU.Build.0 = Release|Any CPU
		{9D680611-CF14-472F-B525-E9310173B333}.Release|x64.ActiveCfg = Release|Any CPU
		{9D680611-CF14-472F-B525-E9310173B333}.Release|x64.Build.0 = Release|Any CPU
		{9D680611-CF14-472F-B525-E9310173B333}.Release|x86.ActiveCfg = Release|Any CPU
		{9D680611-CF14-472F-B525-E9310173B333}.Release|x86.Build.0 = Release|Any CPU
		{423A6CA2-10E6-438A-9598-6D814D95CFC6}.Debug|Any CPU.ActiveCfg = Debug|Any CPU
		{423A6CA2-10E6-438A-9598-6D814D95CFC6}.Debug|Any CPU.Build.0 = Debug|Any CPU
		{423A6CA2-10E6-438A-9598-6D814D95CFC6}.Debug|x64.ActiveCfg = Debug|Any CPU
		{423A6CA2-10E6-438A-9598-6D814D95CFC6}.Debug|x64.Build.0 = Debug|Any CPU
		{423A6CA2-10E6-438A-9598-6D814D95CFC6}.Debug|x86.ActiveCfg = Debug|Any CPU
		{423A6CA2-10E6-438A-9598-6D814D95CFC6}.Debug|x86.Build.0 = Debug|Any CPU
		{423A6CA2-10E6-438A-9598-6D814D95CFC6}.Release|Any CPU.ActiveCfg = Release|Any CPU
		{423A6CA2-10E6-438A-9598-6D814D95CFC6}.Release|Any CPU.Build.0 = Release|Any CPU
		{423A6CA2-10E6-438A-9598-6D814D95CFC6}.Release|x64.ActiveCfg = Release|Any CPU
		{423A6CA2-10E6-438A-9598-6D814D95CFC6}.Release|x64.Build.0 = Release|Any CPU
		{423A6CA2-10E6-438A-9598-6D814D95CFC6}.Release|x86.ActiveCfg = Release|Any CPU
		{423A6CA2-10E6-438A-9598-6D814D95CFC6}.Release|x86.Build.0 = Release|Any CPU
		{7DE3A9F9-D7FF-4ABC-A02C-B66422E3A999}.Debug|Any CPU.ActiveCfg = Debug|Any CPU
		{7DE3A9F9-D7FF-4ABC-A02C-B66422E3A999}.Debug|Any CPU.Build.0 = Debug|Any CPU
		{7DE3A9F9-D7FF-4ABC-A02C-B66422E3A999}.Debug|x64.ActiveCfg = Debug|Any CPU
		{7DE3A9F9-D7FF-4ABC-A02C-B66422E3A999}.Debug|x64.Build.0 = Debug|Any CPU
		{7DE3A9F9-D7FF-4ABC-A02C-B66422E3A999}.Debug|x86.ActiveCfg = Debug|Any CPU
		{7DE3A9F9-D7FF-4ABC-A02C-B66422E3A999}.Debug|x86.Build.0 = Debug|Any CPU
		{7DE3A9F9-D7FF-4ABC-A02C-B66422E3A999}.Release|Any CPU.ActiveCfg = Release|Any CPU
		{7DE3A9F9-D7FF-4ABC-A02C-B66422E3A999}.Release|Any CPU.Build.0 = Release|Any CPU
		{7DE3A9F9-D7FF-4ABC-A02C-B66422E3A999}.Release|x64.ActiveCfg = Release|Any CPU
		{7DE3A9F9-D7FF-4ABC-A02C-B66422E3A999}.Release|x64.Build.0 = Release|Any CPU
		{7DE3A9F9-D7FF-4ABC-A02C-B66422E3A999}.Release|x86.ActiveCfg = Release|Any CPU
		{7DE3A9F9-D7FF-4ABC-A02C-B66422E3A999}.Release|x86.Build.0 = Release|Any CPU
		{25A54B50-9BC7-4DA7-BB41-43AF52B910E0}.Debug|Any CPU.ActiveCfg = Debug|Any CPU
		{25A54B50-9BC7-4DA7-BB41-43AF52B910E0}.Debug|Any CPU.Build.0 = Debug|Any CPU
		{25A54B50-9BC7-4DA7-BB41-43AF52B910E0}.Debug|x64.ActiveCfg = Debug|Any CPU
		{25A54B50-9BC7-4DA7-BB41-43AF52B910E0}.Debug|x64.Build.0 = Debug|Any CPU
		{25A54B50-9BC7-4DA7-BB41-43AF52B910E0}.Debug|x86.ActiveCfg = Debug|Any CPU
		{25A54B50-9BC7-4DA7-BB41-43AF52B910E0}.Debug|x86.Build.0 = Debug|Any CPU
		{25A54B50-9BC7-4DA7-BB41-43AF52B910E0}.Release|Any CPU.ActiveCfg = Release|Any CPU
		{25A54B50-9BC7-4DA7-BB41-43AF52B910E0}.Release|Any CPU.Build.0 = Release|Any CPU
		{25A54B50-9BC7-4DA7-BB41-43AF52B910E0}.Release|x64.ActiveCfg = Release|Any CPU
		{25A54B50-9BC7-4DA7-BB41-43AF52B910E0}.Release|x64.Build.0 = Release|Any CPU
		{25A54B50-9BC7-4DA7-BB41-43AF52B910E0}.Release|x86.ActiveCfg = Release|Any CPU
		{25A54B50-9BC7-4DA7-BB41-43AF52B910E0}.Release|x86.Build.0 = Release|Any CPU
	EndGlobalSection
	GlobalSection(NestedProjects) = preSolution
		{D60E3F0B-0091-442B-8B4D-CBD65E25F1C4} = {448D723B-5318-4EBF-8050-96FAEF05FB65}
		{ED9DCE31-4B0C-4CFA-893A-C6C5F6E974D3} = {155C0EC7-5E7F-4E4A-896D-3C6939A7CFB2}
		{F418C916-92CB-4760-AEB7-C513A081FFA8} = {E15D31BF-0EDA-4CC4-9A60-593120E68308}
		{B1407433-CFE6-45B2-8D12-2270653514C6} = {E15D31BF-0EDA-4CC4-9A60-593120E68308}
		{AE6E3714-3E0F-4995-99D6-B52B7873430F} = {E15D31BF-0EDA-4CC4-9A60-593120E68308}
		{9439DFCF-27C1-4CA3-9A72-40C110047B9D} = {E15D31BF-0EDA-4CC4-9A60-593120E68308}
		{E74C4038-B1D0-4A80-89D0-9A7ED82C6396} = {114D012F-D88C-4AF8-A6EB-E888F746A994}
		{B4DE899F-879C-4871-849C-8AE87E8760B0} = {114D012F-D88C-4AF8-A6EB-E888F746A994}
		{C139C132-0036-4D91-92E9-3665282A7F0C} = {114D012F-D88C-4AF8-A6EB-E888F746A994}
		{15724989-96EF-4974-B80D-62AC27C70579} = {114D012F-D88C-4AF8-A6EB-E888F746A994}
		{EC224C7F-7849-4F91-B121-B5FB6E6E0E65} = {BD70E4D1-1DDE-4AD4-9A8E-9B80157AF7A4}
		{133FD659-6B11-4D47-AD5E-99780EC0B9CB} = {BD70E4D1-1DDE-4AD4-9A8E-9B80157AF7A4}
		{FB3AD879-3087-4418-955B-AE3C1E3CE07A} = {BD70E4D1-1DDE-4AD4-9A8E-9B80157AF7A4}
		{1F4D2D05-A491-49FF-95BB-5BC6AB42E60F} = {BD70E4D1-1DDE-4AD4-9A8E-9B80157AF7A4}
		{1BCB68C2-7052-4C38-9F79-D4DD8D59A02D} = {5B0AC0C4-336E-4052-9A64-5C62802BD02C}
		{179691D1-05B6-49F1-BBC4-AD4133B7A7B9} = {D42B6768-4B44-466D-8BE5-AC7C6B3D1AA6}
		{014D3DF4-36A9-4C5B-9FC2-BB52B60CF06D} = {D42B6768-4B44-466D-8BE5-AC7C6B3D1AA6}
		{E1647639-F020-456F-AE67-3346C1774ED6} = {D42B6768-4B44-466D-8BE5-AC7C6B3D1AA6}
		{2BB95459-3484-4607-87A2-5812E87D21CB} = {D42B6768-4B44-466D-8BE5-AC7C6B3D1AA6}
		{C67699A6-5094-45C1-82BA-B6EC891F5A6C} = {4A395D87-B108-42C9-9B30-4212AB85C567}
		{C907610F-EB5F-4939-8A3E-4A25326E59DC} = {4A395D87-B108-42C9-9B30-4212AB85C567}
		{B00E40C7-D6AC-4063-BB4F-8EAECD00012E} = {4A395D87-B108-42C9-9B30-4212AB85C567}
		{BDCC24F0-1FC8-4295-8DB9-F7364FC44BFF} = {4A395D87-B108-42C9-9B30-4212AB85C567}
		{72EBB611-F6B4-436E-8D2F-72B259F418D5} = {6BB2245D-82C5-47FF-ABD1-C99C32976B3D}
		{25A54B50-9BC7-4DA7-BB41-43AF52B910E0} = {EAB2B57F-7E18-4E4D-AD10-19BDBC3232F1}
		{9D680611-CF14-472F-B525-E9310173B333} = {EAB2B57F-7E18-4E4D-AD10-19BDBC3232F1}
		{423A6CA2-10E6-438A-9598-6D814D95CFC6} = {EAB2B57F-7E18-4E4D-AD10-19BDBC3232F1}
		{7DE3A9F9-D7FF-4ABC-A02C-B66422E3A999} = {EAB2B57F-7E18-4E4D-AD10-19BDBC3232F1}
	EndGlobalSection
EndGlobal
