
Microsoft Visual Studio Solution File, Format Version 12.00
# Visual Studio 15
VisualStudioVersion = 15.0.26124.0
MinimumVisualStudioVersion = 15.0.26124.0
Project("{FAE04EC0-301F-11D3-BF4B-00C04F79EFBC}") = "Pacco.APIGateway", "..\Pacco.APIGateway\src\Pacco.APIGateway\Pacco.APIGateway.csproj", "{088579EC-517E-48C8-AF87-AA0BCD62BF22}"
EndProject
Project("{FAE04EC0-301F-11D3-BF4B-00C04F79EFBC}") = "Pacco.Services.Complaints", "..\Pacco.Services.Complaints\src\Pacco.Services.Complaints\Pacco.Services.Complaints.csproj", "{A8159718-01D7-42C6-A5BE-D20F67023B2E}"
EndProject
Project("{FAE04EC0-301F-11D3-BF4B-00C04F79EFBC}") = "Pacco.Services.Couriers", "..\Pacco.Services.Couriers\src\Pacco.Services.Couriers\Pacco.Services.Couriers.csproj", "{DDE1764B-D654-41D6-B407-142D13180E48}"
EndProject
Project("{FAE04EC0-301F-11D3-BF4B-00C04F79EFBC}") = "Pacco.Services.Customers", "..\Pacco.Services.Customers\src\Pacco.Services.Customers\Pacco.Services.Customers.csproj", "{379D0111-6F20-45D0-A11C-61A9128005EF}"
EndProject
Project("{FAE04EC0-301F-11D3-BF4B-00C04F79EFBC}") = "Pacco.Services.Deliveries", "..\Pacco.Services.Deliveries\src\Pacco.Services.Deliveries\Pacco.Services.Deliveries.csproj", "{22659B7A-3B14-4C5B-B3AD-6F0DB52430B0}"
EndProject
Project("{FAE04EC0-301F-11D3-BF4B-00C04F79EFBC}") = "Pacco.Services.Identity", "..\Pacco.Services.Identity\src\Pacco.Services.Identity\Pacco.Services.Identity.csproj", "{A4D55A30-6B41-428E-9E9A-EC3F292EF76B}"
EndProject
Project("{FAE04EC0-301F-11D3-BF4B-00C04F79EFBC}") = "Pacco.Services.Operations", "..\Pacco.Services.Operations\src\Pacco.Services.Operations\Pacco.Services.Operations.csproj", "{638C61A6-80EF-434F-BE79-CF417255FBD2}"
EndProject
Project("{FAE04EC0-301F-11D3-BF4B-00C04F79EFBC}") = "Pacco.Services.Orders", "..\Pacco.Services.Orders\src\Pacco.Services.Orders\Pacco.Services.Orders.csproj", "{B5F39964-B7B0-408F-943D-0998F4C47503}"
EndProject
Project("{FAE04EC0-301F-11D3-BF4B-00C04F79EFBC}") = "Pacco.Services.Parcels", "..\Pacco.Services.Parcels\src\Pacco.Services.Parcels\Pacco.Services.Parcels.csproj", "{CCEF1043-9A80-441B-8E1D-F85C90ABA2D1}"
EndProject
Global
	GlobalSection(SolutionConfigurationPlatforms) = preSolution
		Debug|Any CPU = Debug|Any CPU
		Debug|x64 = Debug|x64
		Debug|x86 = Debug|x86
		Release|Any CPU = Release|Any CPU
		Release|x64 = Release|x64
		Release|x86 = Release|x86
	EndGlobalSection
	GlobalSection(SolutionProperties) = preSolution
		HideSolutionNode = FALSE
	EndGlobalSection
	GlobalSection(ProjectConfigurationPlatforms) = postSolution
		{088579EC-517E-48C8-AF87-AA0BCD62BF22}.Debug|Any CPU.ActiveCfg = Debug|Any CPU
		{088579EC-517E-48C8-AF87-AA0BCD62BF22}.Debug|Any CPU.Build.0 = Debug|Any CPU
		{088579EC-517E-48C8-AF87-AA0BCD62BF22}.Debug|x64.ActiveCfg = Debug|Any CPU
		{088579EC-517E-48C8-AF87-AA0BCD62BF22}.Debug|x64.Build.0 = Debug|Any CPU
		{088579EC-517E-48C8-AF87-AA0BCD62BF22}.Debug|x86.ActiveCfg = Debug|Any CPU
		{088579EC-517E-48C8-AF87-AA0BCD62BF22}.Debug|x86.Build.0 = Debug|Any CPU
		{088579EC-517E-48C8-AF87-AA0BCD62BF22}.Release|Any CPU.ActiveCfg = Release|Any CPU
		{088579EC-517E-48C8-AF87-AA0BCD62BF22}.Release|Any CPU.Build.0 = Release|Any CPU
		{088579EC-517E-48C8-AF87-AA0BCD62BF22}.Release|x64.ActiveCfg = Release|Any CPU
		{088579EC-517E-48C8-AF87-AA0BCD62BF22}.Release|x64.Build.0 = Release|Any CPU
		{088579EC-517E-48C8-AF87-AA0BCD62BF22}.Release|x86.ActiveCfg = Release|Any CPU
		{088579EC-517E-48C8-AF87-AA0BCD62BF22}.Release|x86.Build.0 = Release|Any CPU
		{A8159718-01D7-42C6-A5BE-D20F67023B2E}.Debug|Any CPU.ActiveCfg = Debug|Any CPU
		{A8159718-01D7-42C6-A5BE-D20F67023B2E}.Debug|Any CPU.Build.0 = Debug|Any CPU
		{A8159718-01D7-42C6-A5BE-D20F67023B2E}.Debug|x64.ActiveCfg = Debug|Any CPU
		{A8159718-01D7-42C6-A5BE-D20F67023B2E}.Debug|x64.Build.0 = Debug|Any CPU
		{A8159718-01D7-42C6-A5BE-D20F67023B2E}.Debug|x86.ActiveCfg = Debug|Any CPU
		{A8159718-01D7-42C6-A5BE-D20F67023B2E}.Debug|x86.Build.0 = Debug|Any CPU
		{A8159718-01D7-42C6-A5BE-D20F67023B2E}.Release|Any CPU.ActiveCfg = Release|Any CPU
		{A8159718-01D7-42C6-A5BE-D20F67023B2E}.Release|Any CPU.Build.0 = Release|Any CPU
		{A8159718-01D7-42C6-A5BE-D20F67023B2E}.Release|x64.ActiveCfg = Release|Any CPU
		{A8159718-01D7-42C6-A5BE-D20F67023B2E}.Release|x64.Build.0 = Release|Any CPU
		{A8159718-01D7-42C6-A5BE-D20F67023B2E}.Release|x86.ActiveCfg = Release|Any CPU
		{A8159718-01D7-42C6-A5BE-D20F67023B2E}.Release|x86.Build.0 = Release|Any CPU
		{DDE1764B-D654-41D6-B407-142D13180E48}.Debug|Any CPU.ActiveCfg = Debug|Any CPU
		{DDE1764B-D654-41D6-B407-142D13180E48}.Debug|Any CPU.Build.0 = Debug|Any CPU
		{DDE1764B-D654-41D6-B407-142D13180E48}.Debug|x64.ActiveCfg = Debug|Any CPU
		{DDE1764B-D654-41D6-B407-142D13180E48}.Debug|x64.Build.0 = Debug|Any CPU
		{DDE1764B-D654-41D6-B407-142D13180E48}.Debug|x86.ActiveCfg = Debug|Any CPU
		{DDE1764B-D654-41D6-B407-142D13180E48}.Debug|x86.Build.0 = Debug|Any CPU
		{DDE1764B-D654-41D6-B407-142D13180E48}.Release|Any CPU.ActiveCfg = Release|Any CPU
		{DDE1764B-D654-41D6-B407-142D13180E48}.Release|Any CPU.Build.0 = Release|Any CPU
		{DDE1764B-D654-41D6-B407-142D13180E48}.Release|x64.ActiveCfg = Release|Any CPU
		{DDE1764B-D654-41D6-B407-142D13180E48}.Release|x64.Build.0 = Release|Any CPU
		{DDE1764B-D654-41D6-B407-142D13180E48}.Release|x86.ActiveCfg = Release|Any CPU
		{DDE1764B-D654-41D6-B407-142D13180E48}.Release|x86.Build.0 = Release|Any CPU
		{379D0111-6F20-45D0-A11C-61A9128005EF}.Debug|Any CPU.ActiveCfg = Debug|Any CPU
		{379D0111-6F20-45D0-A11C-61A9128005EF}.Debug|Any CPU.Build.0 = Debug|Any CPU
		{379D0111-6F20-45D0-A11C-61A9128005EF}.Debug|x64.ActiveCfg = Debug|Any CPU
		{379D0111-6F20-45D0-A11C-61A9128005EF}.Debug|x64.Build.0 = Debug|Any CPU
		{379D0111-6F20-45D0-A11C-61A9128005EF}.Debug|x86.ActiveCfg = Debug|Any CPU
		{379D0111-6F20-45D0-A11C-61A9128005EF}.Debug|x86.Build.0 = Debug|Any CPU
		{379D0111-6F20-45D0-A11C-61A9128005EF}.Release|Any CPU.ActiveCfg = Release|Any CPU
		{379D0111-6F20-45D0-A11C-61A9128005EF}.Release|Any CPU.Build.0 = Release|Any CPU
		{379D0111-6F20-45D0-A11C-61A9128005EF}.Release|x64.ActiveCfg = Release|Any CPU
		{379D0111-6F20-45D0-A11C-61A9128005EF}.Release|x64.Build.0 = Release|Any CPU
		{379D0111-6F20-45D0-A11C-61A9128005EF}.Release|x86.ActiveCfg = Release|Any CPU
		{379D0111-6F20-45D0-A11C-61A9128005EF}.Release|x86.Build.0 = Release|Any CPU
		{22659B7A-3B14-4C5B-B3AD-6F0DB52430B0}.Debug|Any CPU.ActiveCfg = Debug|Any CPU
		{22659B7A-3B14-4C5B-B3AD-6F0DB52430B0}.Debug|Any CPU.Build.0 = Debug|Any CPU
		{22659B7A-3B14-4C5B-B3AD-6F0DB52430B0}.Debug|x64.ActiveCfg = Debug|Any CPU
		{22659B7A-3B14-4C5B-B3AD-6F0DB52430B0}.Debug|x64.Build.0 = Debug|Any CPU
		{22659B7A-3B14-4C5B-B3AD-6F0DB52430B0}.Debug|x86.ActiveCfg = Debug|Any CPU
		{22659B7A-3B14-4C5B-B3AD-6F0DB52430B0}.Debug|x86.Build.0 = Debug|Any CPU
		{22659B7A-3B14-4C5B-B3AD-6F0DB52430B0}.Release|Any CPU.ActiveCfg = Release|Any CPU
		{22659B7A-3B14-4C5B-B3AD-6F0DB52430B0}.Release|Any CPU.Build.0 = Release|Any CPU
		{22659B7A-3B14-4C5B-B3AD-6F0DB52430B0}.Release|x64.ActiveCfg = Release|Any CPU
		{22659B7A-3B14-4C5B-B3AD-6F0DB52430B0}.Release|x64.Build.0 = Release|Any CPU
		{22659B7A-3B14-4C5B-B3AD-6F0DB52430B0}.Release|x86.ActiveCfg = Release|Any CPU
		{22659B7A-3B14-4C5B-B3AD-6F0DB52430B0}.Release|x86.Build.0 = Release|Any CPU
		{A4D55A30-6B41-428E-9E9A-EC3F292EF76B}.Debug|Any CPU.ActiveCfg = Debug|Any CPU
		{A4D55A30-6B41-428E-9E9A-EC3F292EF76B}.Debug|Any CPU.Build.0 = Debug|Any CPU
		{A4D55A30-6B41-428E-9E9A-EC3F292EF76B}.Debug|x64.ActiveCfg = Debug|Any CPU
		{A4D55A30-6B41-428E-9E9A-EC3F292EF76B}.Debug|x64.Build.0 = Debug|Any CPU
		{A4D55A30-6B41-428E-9E9A-EC3F292EF76B}.Debug|x86.ActiveCfg = Debug|Any CPU
		{A4D55A30-6B41-428E-9E9A-EC3F292EF76B}.Debug|x86.Build.0 = Debug|Any CPU
		{A4D55A30-6B41-428E-9E9A-EC3F292EF76B}.Release|Any CPU.ActiveCfg = Release|Any CPU
		{A4D55A30-6B41-428E-9E9A-EC3F292EF76B}.Release|Any CPU.Build.0 = Release|Any CPU
		{A4D55A30-6B41-428E-9E9A-EC3F292EF76B}.Release|x64.ActiveCfg = Release|Any CPU
		{A4D55A30-6B41-428E-9E9A-EC3F292EF76B}.Release|x64.Build.0 = Release|Any CPU
		{A4D55A30-6B41-428E-9E9A-EC3F292EF76B}.Release|x86.ActiveCfg = Release|Any CPU
		{A4D55A30-6B41-428E-9E9A-EC3F292EF76B}.Release|x86.Build.0 = Release|Any CPU
		{638C61A6-80EF-434F-BE79-CF417255FBD2}.Debug|Any CPU.ActiveCfg = Debug|Any CPU
		{638C61A6-80EF-434F-BE79-CF417255FBD2}.Debug|Any CPU.Build.0 = Debug|Any CPU
		{638C61A6-80EF-434F-BE79-CF417255FBD2}.Debug|x64.ActiveCfg = Debug|Any CPU
		{638C61A6-80EF-434F-BE79-CF417255FBD2}.Debug|x64.Build.0 = Debug|Any CPU
		{638C61A6-80EF-434F-BE79-CF417255FBD2}.Debug|x86.ActiveCfg = Debug|Any CPU
		{638C61A6-80EF-434F-BE79-CF417255FBD2}.Debug|x86.Build.0 = Debug|Any CPU
		{638C61A6-80EF-434F-BE79-CF417255FBD2}.Release|Any CPU.ActiveCfg = Release|Any CPU
		{638C61A6-80EF-434F-BE79-CF417255FBD2}.Release|Any CPU.Build.0 = Release|Any CPU
		{638C61A6-80EF-434F-BE79-CF417255FBD2}.Release|x64.ActiveCfg = Release|Any CPU
		{638C61A6-80EF-434F-BE79-CF417255FBD2}.Release|x64.Build.0 = Release|Any CPU
		{638C61A6-80EF-434F-BE79-CF417255FBD2}.Release|x86.ActiveCfg = Release|Any CPU
		{638C61A6-80EF-434F-BE79-CF417255FBD2}.Release|x86.Build.0 = Release|Any CPU
		{B5F39964-B7B0-408F-943D-0998F4C47503}.Debug|Any CPU.ActiveCfg = Debug|Any CPU
		{B5F39964-B7B0-408F-943D-0998F4C47503}.Debug|Any CPU.Build.0 = Debug|Any CPU
		{B5F39964-B7B0-408F-943D-0998F4C47503}.Debug|x64.ActiveCfg = Debug|Any CPU
		{B5F39964-B7B0-408F-943D-0998F4C47503}.Debug|x64.Build.0 = Debug|Any CPU
		{B5F39964-B7B0-408F-943D-0998F4C47503}.Debug|x86.ActiveCfg = Debug|Any CPU
		{B5F39964-B7B0-408F-943D-0998F4C47503}.Debug|x86.Build.0 = Debug|Any CPU
		{B5F39964-B7B0-408F-943D-0998F4C47503}.Release|Any CPU.ActiveCfg = Release|Any CPU
		{B5F39964-B7B0-408F-943D-0998F4C47503}.Release|Any CPU.Build.0 = Release|Any CPU
		{B5F39964-B7B0-408F-943D-0998F4C47503}.Release|x64.ActiveCfg = Release|Any CPU
		{B5F39964-B7B0-408F-943D-0998F4C47503}.Release|x64.Build.0 = Release|Any CPU
		{B5F39964-B7B0-408F-943D-0998F4C47503}.Release|x86.ActiveCfg = Release|Any CPU
		{B5F39964-B7B0-408F-943D-0998F4C47503}.Release|x86.Build.0 = Release|Any CPU
		{CCEF1043-9A80-441B-8E1D-F85C90ABA2D1}.Debug|Any CPU.ActiveCfg = Debug|Any CPU
		{CCEF1043-9A80-441B-8E1D-F85C90ABA2D1}.Debug|Any CPU.Build.0 = Debug|Any CPU
		{CCEF1043-9A80-441B-8E1D-F85C90ABA2D1}.Debug|x64.ActiveCfg = Debug|Any CPU
		{CCEF1043-9A80-441B-8E1D-F85C90ABA2D1}.Debug|x64.Build.0 = Debug|Any CPU
		{CCEF1043-9A80-441B-8E1D-F85C90ABA2D1}.Debug|x86.ActiveCfg = Debug|Any CPU
		{CCEF1043-9A80-441B-8E1D-F85C90ABA2D1}.Debug|x86.Build.0 = Debug|Any CPU
		{CCEF1043-9A80-441B-8E1D-F85C90ABA2D1}.Release|Any CPU.ActiveCfg = Release|Any CPU
		{CCEF1043-9A80-441B-8E1D-F85C90ABA2D1}.Release|Any CPU.Build.0 = Release|Any CPU
		{CCEF1043-9A80-441B-8E1D-F85C90ABA2D1}.Release|x64.ActiveCfg = Release|Any CPU
		{CCEF1043-9A80-441B-8E1D-F85C90ABA2D1}.Release|x64.Build.0 = Release|Any CPU
		{CCEF1043-9A80-441B-8E1D-F85C90ABA2D1}.Release|x86.ActiveCfg = Release|Any CPU
		{CCEF1043-9A80-441B-8E1D-F85C90ABA2D1}.Release|x86.Build.0 = Release|Any CPU
	EndGlobalSection
EndGlobal
